
Microsoft Visual Studio Solution File, Format Version 12.00
# Visual Studio Version 17
VisualStudioVersion = 17.10.34916.146
MinimumVisualStudioVersion = 10.0.40219.1
Project("{FAE04EC0-301F-11D3-BF4B-00C04F79EFBC}") = "Whisper Music", "Whisper Music.csproj", "{877D3E6D-CDD8-4CAF-8BE0-56ED8FCA3C21}"
EndProject
Global
	GlobalSection(SolutionConfigurationPlatforms) = preSolution
		Debug|Any CPU = Debug|Any CPU
		Release|Any CPU = Release|Any CPU
	EndGlobalSection
	GlobalSection(ProjectConfigurationPlatforms) = postSolution
		{877D3E6D-CDD8-4CAF-8BE0-56ED8FCA3C21}.Debug|Any CPU.ActiveCfg = Debug|Any CPU
		{877D3E6D-CDD8-4CAF-8BE0-56ED8FCA3C21}.Debug|Any CPU.Build.0 = Debug|Any CPU
		{877D3E6D-CDD8-4CAF-8BE0-56ED8FCA3C21}.Release|Any CPU.ActiveCfg = Release|Any CPU
		{877D3E6D-CDD8-4CAF-8BE0-56ED8FCA3C21}.Release|Any CPU.Build.0 = Release|Any CPU
	EndGlobalSection
	GlobalSection(SolutionProperties) = preSolution
		HideSolutionNode = FALSE
	EndGlobalSection
	GlobalSection(ExtensibilityGlobals) = postSolution
		SolutionGuid = {E501258A-433C-4FEC-AF31-E40BD7F6C1B3}
	EndGlobalSection
EndGlobal
